// !$*UTF8*$!
{
	archiveVersion = 1;
	classes = {
	};
	objectVersion = 50;
	objects = {

/* Begin PBXBuildFile section */
		29015E740F958D623EC59517 /* Pods_Population.framework in Frameworks */ = {isa = PBXBuildFile; fileRef = 4B64597565BE61AD6980F648 /* Pods_Population.framework */; };
		3A5BD42723D75E7300348433 /* Elements.swift in Sources */ = {isa = PBXBuildFile; fileRef = 3A5BD42623D75E7300348433 /* Elements.swift */; };
		3A7F9B7723A93762008D5665 /* AnalyzesView.swift in Sources */ = {isa = PBXBuildFile; fileRef = 3A7F9B7623A93762008D5665 /* AnalyzesView.swift */; };
		3A9F109E239B81CD0022835D /* AppDelegate.swift in Sources */ = {isa = PBXBuildFile; fileRef = 3A9F109D239B81CD0022835D /* AppDelegate.swift */; };
		3A9F10A0239B81CD0022835D /* SceneDelegate.swift in Sources */ = {isa = PBXBuildFile; fileRef = 3A9F109F239B81CD0022835D /* SceneDelegate.swift */; };
		3A9F10A2239B81CD0022835D /* ViewController.swift in Sources */ = {isa = PBXBuildFile; fileRef = 3A9F10A1239B81CD0022835D /* ViewController.swift */; };
		3A9F10A5239B81CD0022835D /* Main.storyboard in Resources */ = {isa = PBXBuildFile; fileRef = 3A9F10A3239B81CD0022835D /* Main.storyboard */; };
		3A9F10A7239B81CF0022835D /* Assets.xcassets in Resources */ = {isa = PBXBuildFile; fileRef = 3A9F10A6239B81CF0022835D /* Assets.xcassets */; };
		3A9F10AA239B81CF0022835D /* LaunchScreen.storyboard in Resources */ = {isa = PBXBuildFile; fileRef = 3A9F10A8239B81CF0022835D /* LaunchScreen.storyboard */; };
		3A9F10BC239BEB8A0022835D /* README.md in Resources */ = {isa = PBXBuildFile; fileRef = 3A9F10BB239BEB8A0022835D /* README.md */; };
/* End PBXBuildFile section */

/* Begin PBXContainerItemProxy section */
		3A5BD42C23D764B900348433 /* PBXContainerItemProxy */ = {
			isa = PBXContainerItemProxy;
			containerPortal = 3A5BD42823D764B900348433 /* Pods.xcodeproj */;
			proxyType = 2;
			remoteGlobalIDString = 737244C3BA3D853B5F8946F50D38306B;
			remoteInfo = "Pods-Population";
		};
/* End PBXContainerItemProxy section */

/* Begin PBXFileReference section */
		3A5BD42623D75E7300348433 /* Elements.swift */ = {isa = PBXFileReference; lastKnownFileType = sourcecode.swift; path = Elements.swift; sourceTree = "<group>"; };
		3A5BD42823D764B900348433 /* Pods.xcodeproj */ = {isa = PBXFileReference; lastKnownFileType = "wrapper.pb-project"; name = Pods.xcodeproj; path = ../../../../../.Trash/Pods.xcodeproj; sourceTree = "<group>"; };
		3A7F9B7623A93762008D5665 /* AnalyzesView.swift */ = {isa = PBXFileReference; lastKnownFileType = sourcecode.swift; path = AnalyzesView.swift; sourceTree = "<group>"; };
		3A9F109A239B81CD0022835D /* Population.app */ = {isa = PBXFileReference; explicitFileType = wrapper.application; includeInIndex = 0; path = Population.app; sourceTree = BUILT_PRODUCTS_DIR; };
		3A9F109D239B81CD0022835D /* AppDelegate.swift */ = {isa = PBXFileReference; lastKnownFileType = sourcecode.swift; path = AppDelegate.swift; sourceTree = "<group>"; };
		3A9F109F239B81CD0022835D /* SceneDelegate.swift */ = {isa = PBXFileReference; lastKnownFileType = sourcecode.swift; path = SceneDelegate.swift; sourceTree = "<group>"; };
		3A9F10A1239B81CD0022835D /* ViewController.swift */ = {isa = PBXFileReference; lastKnownFileType = sourcecode.swift; path = ViewController.swift; sourceTree = "<group>"; };
		3A9F10A4239B81CD0022835D /* Base */ = {isa = PBXFileReference; lastKnownFileType = file.storyboard; name = Base; path = Base.lproj/Main.storyboard; sourceTree = "<group>"; };
		3A9F10A6239B81CF0022835D /* Assets.xcassets */ = {isa = PBXFileReference; lastKnownFileType = folder.assetcatalog; path = Assets.xcassets; sourceTree = "<group>"; };
		3A9F10A9239B81CF0022835D /* Base */ = {isa = PBXFileReference; lastKnownFileType = file.storyboard; name = Base; path = Base.lproj/LaunchScreen.storyboard; sourceTree = "<group>"; };
		3A9F10AB239B81CF0022835D /* Info.plist */ = {isa = PBXFileReference; lastKnownFileType = text.plist.xml; path = Info.plist; sourceTree = "<group>"; };
		3A9F10BB239BEB8A0022835D /* README.md */ = {isa = PBXFileReference; lastKnownFileType = net.daringfireball.markdown; path = README.md; sourceTree = "<group>"; };
		4B64597565BE61AD6980F648 /* Pods_Population.framework */ = {isa = PBXFileReference; explicitFileType = wrapper.framework; includeInIndex = 0; path = Pods_Population.framework; sourceTree = BUILT_PRODUCTS_DIR; };
		CE855966846112343B53E96A /* Pods-Population.release.xcconfig */ = {isa = PBXFileReference; includeInIndex = 1; lastKnownFileType = text.xcconfig; name = "Pods-Population.release.xcconfig"; path = "Pods/Target Support Files/Pods-Population/Pods-Population.release.xcconfig"; sourceTree = "<group>"; };
		DFBFBC3329BB623E718421DD /* Pods-Population.debug.xcconfig */ = {isa = PBXFileReference; includeInIndex = 1; lastKnownFileType = text.xcconfig; name = "Pods-Population.debug.xcconfig"; path = "Pods/Target Support Files/Pods-Population/Pods-Population.debug.xcconfig"; sourceTree = "<group>"; };
/* End PBXFileReference section */

/* Begin PBXFrameworksBuildPhase section */
		3A9F1097239B81CD0022835D /* Frameworks */ = {
			isa = PBXFrameworksBuildPhase;
			buildActionMask = 2147483647;
			files = (
				29015E740F958D623EC59517 /* Pods_Population.framework in Frameworks */,
			);
			runOnlyForDeploymentPostprocessing = 0;
		};
/* End PBXFrameworksBuildPhase section */

/* Begin PBXGroup section */
		3A5BD42923D764B900348433 /* Products */ = {
			isa = PBXGroup;
			children = (
				3A5BD42D23D764B900348433 /* Pods_Population.framework */,
			);
			name = Products;
			sourceTree = "<group>";
		};
		3A9F1091239B81CD0022835D = {
			isa = PBXGroup;
			children = (
				3A9F109C239B81CD0022835D /* Population */,
				3A9F109B239B81CD0022835D /* Products */,
				3A9F10BB239BEB8A0022835D /* README.md */,
				88B618930F20F4897E2C3BB0 /* Pods */,
				95A1B4EFD96510B68858F6B7 /* Frameworks */,
			);
			sourceTree = "<group>";
		};
		3A9F109B239B81CD0022835D /* Products */ = {
			isa = PBXGroup;
			children = (
				3A9F109A239B81CD0022835D /* Population.app */,
			);
			name = Products;
			sourceTree = "<group>";
		};
		3A9F109C239B81CD0022835D /* Population */ = {
			isa = PBXGroup;
			children = (
				3A9F109D239B81CD0022835D /* AppDelegate.swift */,
				3A9F109F239B81CD0022835D /* SceneDelegate.swift */,
				3A9F10A1239B81CD0022835D /* ViewController.swift */,
				3A7F9B7623A93762008D5665 /* AnalyzesView.swift */,
				3A5BD42623D75E7300348433 /* Elements.swift */,
				3A9F10A3239B81CD0022835D /* Main.storyboard */,
				3A9F10A6239B81CF0022835D /* Assets.xcassets */,
				3A9F10A8239B81CF0022835D /* LaunchScreen.storyboard */,
				3A9F10AB239B81CF0022835D /* Info.plist */,
			);
			path = Population;
			sourceTree = "<group>";
		};
		88B618930F20F4897E2C3BB0 /* Pods */ = {
			isa = PBXGroup;
			children = (
				DFBFBC3329BB623E718421DD /* Pods-Population.debug.xcconfig */,
				CE855966846112343B53E96A /* Pods-Population.release.xcconfig */,
			);
			name = Pods;
			sourceTree = "<group>";
		};
		95A1B4EFD96510B68858F6B7 /* Frameworks */ = {
			isa = PBXGroup;
			children = (
				3A5BD42823D764B900348433 /* Pods.xcodeproj */,
				4B64597565BE61AD6980F648 /* Pods_Population.framework */,
			);
			name = Frameworks;
			sourceTree = "<group>";
		};
/* End PBXGroup section */

/* Begin PBXNativeTarget section */
		3A9F1099239B81CD0022835D /* Population */ = {
			isa = PBXNativeTarget;
			buildConfigurationList = 3A9F10AE239B81CF0022835D /* Build configuration list for PBXNativeTarget "Population" */;
			buildPhases = (
				B2484336C6B68788B0122DDA /* [CP] Check Pods Manifest.lock */,
				3A9F1096239B81CD0022835D /* Sources */,
				3A9F1097239B81CD0022835D /* Frameworks */,
				3A9F1098239B81CD0022835D /* Resources */,
			);
			buildRules = (
			);
			dependencies = (
			);
			name = Population;
			productName = Population;
			productReference = 3A9F109A239B81CD0022835D /* Population.app */;
			productType = "com.apple.product-type.application";
		};
/* End PBXNativeTarget section */

/* Begin PBXProject section */
		3A9F1092239B81CD0022835D /* Project object */ = {
			isa = PBXProject;
			attributes = {
				LastSwiftUpdateCheck = 1120;
				LastUpgradeCheck = 1120;
				ORGANIZATIONNAME = "Can Balkaya";
				TargetAttributes = {
					3A9F1099239B81CD0022835D = {
						CreatedOnToolsVersion = 11.2.1;
					};
				};
			};
			buildConfigurationList = 3A9F1095239B81CD0022835D /* Build configuration list for PBXProject "Population" */;
			compatibilityVersion = "Xcode 9.3";
			developmentRegion = en;
			hasScannedForEncodings = 0;
			knownRegions = (
				en,
				Base,
			);
			mainGroup = 3A9F1091239B81CD0022835D;
			productRefGroup = 3A9F109B239B81CD0022835D /* Products */;
			projectDirPath = "";
			projectReferences = (
				{
					ProductGroup = 3A5BD42923D764B900348433 /* Products */;
					ProjectRef = 3A5BD42823D764B900348433 /* Pods.xcodeproj */;
				},
			);
			projectRoot = "";
			targets = (
				3A9F1099239B81CD0022835D /* Population */,
			);
		};
/* End PBXProject section */

/* Begin PBXReferenceProxy section */
		3A5BD42D23D764B900348433 /* Pods_Population.framework */ = {
			isa = PBXReferenceProxy;
			fileType = wrapper.framework;
			path = Pods_Population.framework;
			remoteRef = 3A5BD42C23D764B900348433 /* PBXContainerItemProxy */;
			sourceTree = BUILT_PRODUCTS_DIR;
		};
/* End PBXReferenceProxy section */

/* Begin PBXResourcesBuildPhase section */
		3A9F1098239B81CD0022835D /* Resources */ = {
			isa = PBXResourcesBuildPhase;
			buildActionMask = 2147483647;
			files = (
				3A9F10AA239B81CF0022835D /* LaunchScreen.storyboard in Resources */,
				3A9F10A7239B81CF0022835D /* Assets.xcassets in Resources */,
				3A9F10BC239BEB8A0022835D /* README.md in Resources */,
				3A9F10A5239B81CD0022835D /* Main.storyboard in Resources */,
			);
			runOnlyForDeploymentPostprocessing = 0;
		};
/* End PBXResourcesBuildPhase section */

/* Begin PBXShellScriptBuildPhase section */
		B2484336C6B68788B0122DDA /* [CP] Check Pods Manifest.lock */ = {
			isa = PBXShellScriptBuildPhase;
			buildActionMask = 2147483647;
			files = (
			);
			inputPaths = (
				"${PODS_PODFILE_DIR_PATH}/Podfile.lock",
				"${PODS_ROOT}/Manifest.lock",
			);
			name = "[CP] Check Pods Manifest.lock";
			outputPaths = (
				"$(DERIVED_FILE_DIR)/Pods-Population-checkManifestLockResult.txt",
			);
			runOnlyForDeploymentPostprocessing = 0;
			shellPath = /bin/sh;
			shellScript = "diff \"${PODS_PODFILE_DIR_PATH}/Podfile.lock\" \"${PODS_ROOT}/Manifest.lock\" > /dev/null\nif [ $? != 0 ] ; then\n    # print error to STDERR\n    echo \"error: The sandbox is not in sync with the Podfile.lock. Run 'pod install' or update your CocoaPods installation.\" >&2\n    exit 1\nfi\n# This output is used by Xcode 'outputs' to avoid re-running this script phase.\necho \"SUCCESS\" > \"${SCRIPT_OUTPUT_FILE_0}\"\n";
			showEnvVarsInLog = 0;
		};
/* End PBXShellScriptBuildPhase section */

/* Begin PBXSourcesBuildPhase section */
		3A9F1096239B81CD0022835D /* Sources */ = {
			isa = PBXSourcesBuildPhase;
			buildActionMask = 2147483647;
			files = (
				3A7F9B7723A93762008D5665 /* AnalyzesView.swift in Sources */,
				3A9F10A2239B81CD0022835D /* ViewController.swift in Sources */,
				3A9F109E239B81CD0022835D /* AppDelegate.swift in Sources */,
				3A9F10A0239B81CD0022835D /* SceneDelegate.swift in Sources */,
				3A5BD42723D75E7300348433 /* Elements.swift in Sources */,
			);
			runOnlyForDeploymentPostprocessing = 0;
		};
/* End PBXSourcesBuildPhase section */

/* Begin PBXVariantGroup section */
		3A9F10A3239B81CD0022835D /* Main.storyboard */ = {
			isa = PBXVariantGroup;
			children = (
				3A9F10A4239B81CD0022835D /* Base */,
			);
			name = Main.storyboard;
			sourceTree = "<group>";
		};
		3A9F10A8239B81CF0022835D /* LaunchScreen.storyboard */ = {
			isa = PBXVariantGroup;
			children = (
				3A9F10A9239B81CF0022835D /* Base */,
			);
			name = LaunchScreen.storyboard;
			sourceTree = "<group>";
		};
/* End PBXVariantGroup section */

/* Begin XCBuildConfiguration section */
		3A9F10AC239B81CF0022835D /* Debug */ = {
			isa = XCBuildConfiguration;
			buildSettings = {
				ALWAYS_SEARCH_USER_PATHS = NO;
				CLANG_ANALYZER_NONNULL = YES;
				CLANG_ANALYZER_NUMBER_OBJECT_CONVERSION = YES_AGGRESSIVE;
				CLANG_CXX_LANGUAGE_STANDARD = "gnu++14";
				CLANG_CXX_LIBRARY = "libc++";
				CLANG_ENABLE_MODULES = YES;
				CLANG_ENABLE_OBJC_ARC = YES;
				CLANG_ENABLE_OBJC_WEAK = YES;
				CLANG_WARN_BLOCK_CAPTURE_AUTORELEASING = YES;
				CLANG_WARN_BOOL_CONVERSION = YES;
				CLANG_WARN_COMMA = YES;
				CLANG_WARN_CONSTANT_CONVERSION = YES;
				CLANG_WARN_DEPRECATED_OBJC_IMPLEMENTATIONS = YES;
				CLANG_WARN_DIRECT_OBJC_ISA_USAGE = YES_ERROR;
				CLANG_WARN_DOCUMENTATION_COMMENTS = YES;
				CLANG_WARN_EMPTY_BODY = YES;
				CLANG_WARN_ENUM_CONVERSION = YES;
				CLANG_WARN_INFINITE_RECURSION = YES;
				CLANG_WARN_INT_CONVERSION = YES;
				CLANG_WARN_NON_LITERAL_NULL_CONVERSION = YES;
				CLANG_WARN_OBJC_IMPLICIT_RETAIN_SELF = YES;
				CLANG_WARN_OBJC_LITERAL_CONVERSION = YES;
				CLANG_WARN_OBJC_ROOT_CLASS = YES_ERROR;
				CLANG_WARN_RANGE_LOOP_ANALYSIS = YES;
				CLANG_WARN_STRICT_PROTOTYPES = YES;
				CLANG_WARN_SUSPICIOUS_MOVE = YES;
				CLANG_WARN_UNGUARDED_AVAILABILITY = YES_AGGRESSIVE;
				CLANG_WARN_UNREACHABLE_CODE = YES;
				CLANG_WARN__DUPLICATE_METHOD_MATCH = YES;
				COPY_PHASE_STRIP = NO;
				DEBUG_INFORMATION_FORMAT = dwarf;
				ENABLE_STRICT_OBJC_MSGSEND = YES;
				ENABLE_TESTABILITY = YES;
				GCC_C_LANGUAGE_STANDARD = gnu11;
				GCC_DYNAMIC_NO_PIC = NO;
				GCC_NO_COMMON_BLOCKS = YES;
				GCC_OPTIMIZATION_LEVEL = 0;
				GCC_PREPROCESSOR_DEFINITIONS = (
					"DEBUG=1",
					"$(inherited)",
				);
				GCC_WARN_64_TO_32_BIT_CONVERSION = YES;
				GCC_WARN_ABOUT_RETURN_TYPE = YES_ERROR;
				GCC_WARN_UNDECLARED_SELECTOR = YES;
				GCC_WARN_UNINITIALIZED_AUTOS = YES_AGGRESSIVE;
				GCC_WARN_UNUSED_FUNCTION = YES;
				GCC_WARN_UNUSED_VARIABLE = YES;
				IPHONEOS_DEPLOYMENT_TARGET = 13.2;
				MTL_ENABLE_DEBUG_INFO = INCLUDE_SOURCE;
				MTL_FAST_MATH = YES;
				ONLY_ACTIVE_ARCH = YES;
				SDKROOT = iphoneos;
				SWIFT_ACTIVE_COMPILATION_CONDITIONS = DEBUG;
				SWIFT_OPTIMIZATION_LEVEL = "-Onone";
			};
			name = Debug;
		};
		3A9F10AD239B81CF0022835D /* Release */ = {
			isa = XCBuildConfiguration;
			buildSettings = {
				ALWAYS_SEARCH_USER_PATHS = NO;
				CLANG_ANALYZER_NONNULL = YES;
				CLANG_ANALYZER_NUMBER_OBJECT_CONVERSION = YES_AGGRESSIVE;
				CLANG_CXX_LANGUAGE_STANDARD = "gnu++14";
				CLANG_CXX_LIBRARY = "libc++";
				CLANG_ENABLE_MODULES = YES;
				CLANG_ENABLE_OBJC_ARC = YES;
				CLANG_ENABLE_OBJC_WEAK = YES;
				CLANG_WARN_BLOCK_CAPTURE_AUTORELEASING = YES;
				CLANG_WARN_BOOL_CONVERSION = YES;
				CLANG_WARN_COMMA = YES;
				CLANG_WARN_CONSTANT_CONVERSION = YES;
				CLANG_WARN_DEPRECATED_OBJC_IMPLEMENTATIONS = YES;
				CLANG_WARN_DIRECT_OBJC_ISA_USAGE = YES_ERROR;
				CLANG_WARN_DOCUMENTATION_COMMENTS = YES;
				CLANG_WARN_EMPTY_BODY = YES;
				CLANG_WARN_ENUM_CONVERSION = YES;
				CLANG_WARN_INFINITE_RECURSION = YES;
				CLANG_WARN_INT_CONVERSION = YES;
				CLANG_WARN_NON_LITERAL_NULL_CONVERSION = YES;
				CLANG_WARN_OBJC_IMPLICIT_RETAIN_SELF = YES;
				CLANG_WARN_OBJC_LITERAL_CONVERSION = YES;
				CLANG_WARN_OBJC_ROOT_CLASS = YES_ERROR;
				CLANG_WARN_RANGE_LOOP_ANALYSIS = YES;
				CLANG_WARN_STRICT_PROTOTYPES = YES;
				CLANG_WARN_SUSPICIOUS_MOVE = YES;
				CLANG_WARN_UNGUARDED_AVAILABILITY = YES_AGGRESSIVE;
				CLANG_WARN_UNREACHABLE_CODE = YES;
				CLANG_WARN__DUPLICATE_METHOD_MATCH = YES;
				COPY_PHASE_STRIP = NO;
				DEBUG_INFORMATION_FORMAT = "dwarf-with-dsym";
				ENABLE_NS_ASSERTIONS = NO;
				ENABLE_STRICT_OBJC_MSGSEND = YES;
				GCC_C_LANGUAGE_STANDARD = gnu11;
				GCC_NO_COMMON_BLOCKS = YES;
				GCC_WARN_64_TO_32_BIT_CONVERSION = YES;
				GCC_WARN_ABOUT_RETURN_TYPE = YES_ERROR;
				GCC_WARN_UNDECLARED_SELECTOR = YES;
				GCC_WARN_UNINITIALIZED_AUTOS = YES_AGGRESSIVE;
				GCC_WARN_UNUSED_FUNCTION = YES;
				GCC_WARN_UNUSED_VARIABLE = YES;
				IPHONEOS_DEPLOYMENT_TARGET = 13.2;
				MTL_ENABLE_DEBUG_INFO = NO;
				MTL_FAST_MATH = YES;
				SDKROOT = iphoneos;
				SWIFT_COMPILATION_MODE = wholemodule;
				SWIFT_OPTIMIZATION_LEVEL = "-O";
				VALIDATE_PRODUCT = YES;
			};
			name = Release;
		};
		3A9F10AF239B81CF0022835D /* Debug */ = {
			isa = XCBuildConfiguration;
			baseConfigurationReference = DFBFBC3329BB623E718421DD /* Pods-Population.debug.xcconfig */;
			buildSettings = {
				ASSETCATALOG_COMPILER_APPICON_NAME = AppIcon;
				CODE_SIGN_STYLE = Automatic;
				CURRENT_PROJECT_VERSION = 1.2;
				DEVELOPMENT_TEAM = 84X92G2X4P;
				INFOPLIST_FILE = Population/Info.plist;
				LD_RUNPATH_SEARCH_PATHS = (
					"$(inherited)",
					"@executable_path/Frameworks",
				);
				MARKETING_VERSION = 1.2;
				PRODUCT_BUNDLE_IDENTIFIER = CanBalkaya.Population;
				PRODUCT_NAME = "$(TARGET_NAME)";
				SWIFT_VERSION = 5.0;
				TARGETED_DEVICE_FAMILY = "1,2";
			};
			name = Debug;
		};
		3A9F10B0239B81CF0022835D /* Release */ = {
			isa = XCBuildConfiguration;
			baseConfigurationReference = CE855966846112343B53E96A /* Pods-Population.release.xcconfig */;
			buildSettings = {
				ASSETCATALOG_COMPILER_APPICON_NAME = AppIcon;
				CODE_SIGN_STYLE = Automatic;
				CURRENT_PROJECT_VERSION = 1.2;
				DEVELOPMENT_TEAM = 84X92G2X4P;
				INFOPLIST_FILE = Population/Info.plist;
				LD_RUNPATH_SEARCH_PATHS = (
					"$(inherited)",
					"@executable_path/Frameworks",
				);
				MARKETING_VERSION = 1.2;
				PRODUCT_BUNDLE_IDENTIFIER = CanBalkaya.Population;
				PRODUCT_NAME = "$(TARGET_NAME)";
				SWIFT_VERSION = 5.0;
				TARGETED_DEVICE_FAMILY = "1,2";
			};
			name = Release;
		};
/* End XCBuildConfiguration section */

/* Begin XCConfigurationList section */
		3A9F1095239B81CD0022835D /* Build configuration list for PBXProject "Population" */ = {
			isa = XCConfigurationList;
			buildConfigurations = (
				3A9F10AC239B81CF0022835D /* Debug */,
				3A9F10AD239B81CF0022835D /* Release */,
			);
			defaultConfigurationIsVisible = 0;
			defaultConfigurationName = Release;
		};
		3A9F10AE239B81CF0022835D /* Build configuration list for PBXNativeTarget "Population" */ = {
			isa = XCConfigurationList;
			buildConfigurations = (
				3A9F10AF239B81CF0022835D /* Debug */,
				3A9F10B0239B81CF0022835D /* Release */,
			);
			defaultConfigurationIsVisible = 0;
			defaultConfigurationName = Release;
		};
/* End XCConfigurationList section */
	};
	rootObject = 3A9F1092239B81CD0022835D /* Project object */;
}
